
Microsoft Visual Studio Solution File, Format Version 12.00
# Visual Studio Version 17
VisualStudioVersion = 17.11.35303.130
MinimumVisualStudioVersion = 10.0.40219.1
Project("{2150E333-8FDC-42A3-9474-1A3956D46DE8}") = "Task0", "Task0", "{7A6A10DC-10C1-4139-8750-BBF2B1264C15}"
EndProject
Project("{9A19103F-16F7-4668-BE54-9A1E7A4F7556}") = "Tyuiu.KomarovaMV.Sprint2.Task0.V20", "Tyuiu.KomarovaMV.Sprint2.Task0.V20\Tyuiu.KomarovaMV.Sprint2.Task0.V20.csproj", "{82DEBCB4-AC24-4519-88A4-888DC33FE2D3}"
EndProject
Project("{9A19103F-16F7-4668-BE54-9A1E7A4F7556}") = "Tyuiu.KomarovaMV.Sprint2.Task0.V20.Lib", "Tyuiu.KomarovaMV.Sprint2.Task0.V20.Lib\Tyuiu.KomarovaMV.Sprint2.Task0.V20.Lib.csproj", "{F4708008-C023-4C4D-A3E1-99E79FBA6B21}"
EndProject
Project("{9A19103F-16F7-4668-BE54-9A1E7A4F7556}") = "Tyuiu.KomarovaMV.Sprint2.Task0.V20.Test", "Tyuiu.KomarovaMV.Sprint2.Task0.V20.Test\Tyuiu.KomarovaMV.Sprint2.Task0.V20.Test.csproj", "{99BBFD2A-680F-4810-9A14-263F929551EE}"
EndProject
Project("{2150E333-8FDC-42A3-9474-1A3956D46DE8}") = "task1", "task1", "{26297225-1D81-4D3B-BAF4-EE02E003F967}"
EndProject
Project("{9A19103F-16F7-4668-BE54-9A1E7A4F7556}") = "Tyuiu.KomarovaMV.Sprint2.Task1.V19", "Tyuiu.KomarovaMV.Sprint2.Task1.V19\Tyuiu.KomarovaMV.Sprint2.Task1.V19.csproj", "{781293C8-75DD-4542-8572-D2A898E07253}"
EndProject
Project("{9A19103F-16F7-4668-BE54-9A1E7A4F7556}") = "Tyuiu.KomarovaMV.Sprint2.Task1.V19.Lib", "Tyuiu.KomarovaMV.Sprint2.Task1.V19.Lib\Tyuiu.KomarovaMV.Sprint2.Task1.V19.Lib.csproj", "{4622C934-FC45-4F82-BB96-F05D19BCBAF0}"
EndProject
Project("{9A19103F-16F7-4668-BE54-9A1E7A4F7556}") = "Tyuiu.KomarovaMV.Sprint2.Task1.V19.Test", "Tyuiu.KomarovaMV.Sprint2.Task1.V19.Test\Tyuiu.KomarovaMV.Sprint2.Task1.V19.Test.csproj", "{ADDFEF4A-1AC3-4C78-98D1-3BADC4297E32}"
EndProject
Project("{2150E333-8FDC-42A3-9474-1A3956D46DE8}") = "Task2", "Task2", "{5A2826E3-68F1-4571-A6B5-9A60CBE451C2}"
EndProject
Project("{9A19103F-16F7-4668-BE54-9A1E7A4F7556}") = "Tyuiu.KomarovaMV.Sprint2.Task2.V12", "Tyuiu.KomarovaMV.Sprint2.Task2.V12\Tyuiu.KomarovaMV.Sprint2.Task2.V12.csproj", "{093D165C-7247-4D72-8040-05F8F63007A9}"
EndProject
Project("{9A19103F-16F7-4668-BE54-9A1E7A4F7556}") = "Tyuiu.KomarovaMV.Sprint2.Task2.V12.Lib", "Tyuiu.KomarovaMV.Sprint2.Task2.V12.Lib\Tyuiu.KomarovaMV.Sprint2.Task2.V12.Lib.csproj", "{065E9608-A5EE-4762-9BE9-C48C627C1C08}"
EndProject
Project("{9A19103F-16F7-4668-BE54-9A1E7A4F7556}") = "Tyuiu.KomarovaMV.Sprint2.Task2.V12.Test", "Tyuiu.KomarovaMV.Sprint2.Task2.V12.Test\Tyuiu.KomarovaMV.Sprint2.Task2.V12.Test.csproj", "{5B5CD1DD-BFD8-46DF-A192-4DBED482F772}"
EndProject
Project("{2150E333-8FDC-42A3-9474-1A3956D46DE8}") = "Task3", "Task3", "{D886F44C-880F-4CDE-8FED-69B12868CCC5}"
EndProject
Project("{FAE04EC0-301F-11D3-BF4B-00C04F79EFBC}") = "Tyuiu.KomarovaMV.Sprint2.Task3.V28", "Tyuiu.KomarovaMV.Sprint2.Task3.V28\Tyuiu.KomarovaMV.Sprint2.Task3.V28.csproj", "{9C5B743C-BE25-4C41-8730-36D203B71CFA}"
EndProject
Project("{FAE04EC0-301F-11D3-BF4B-00C04F79EFBC}") = "Tyuiu.KomarovaMV.Sprint2.Task3.V28.Lib", "Tyuiu.KomarovaMV.Sprint2.Task3.V28.Lib\Tyuiu.KomarovaMV.Sprint2.Task3.V28.Lib.csproj", "{21B5AEC4-7560-452F-B6E8-2D38BCA56724}"
EndProject
Project("{FAE04EC0-301F-11D3-BF4B-00C04F79EFBC}") = "Tyuiu.KomarovaMV.Sprint2.Task3.V28.Test", "Tyuiu.KomarovaMV.Sprint2.Task3.V28.Test\Tyuiu.KomarovaMV.Sprint2.Task3.V28.Test.csproj", "{958333C3-7821-4809-8634-7EFF7A930411}"
EndProject
Project("{2150E333-8FDC-42A3-9474-1A3956D46DE8}") = "Task4", "Task4", "{1D5C9A91-E460-499E-A706-C30529FF1F0E}"
EndProject
Project("{FAE04EC0-301F-11D3-BF4B-00C04F79EFBC}") = "Tyuiu.KomarovaMV.Sprint2.Task4.V2", "Tyuiu.KomarovaMV.Sprint2.Task4.V2\Tyuiu.KomarovaMV.Sprint2.Task4.V2.csproj", "{FD1B33E9-DAD7-4763-AF98-9B0A706EFEC8}"
EndProject
Project("{FAE04EC0-301F-11D3-BF4B-00C04F79EFBC}") = "Tyuiu.KomarovaMV.Sprint2.Task4.V2.Lib", "Tyuiu.KomarovaMV.Sprint2.Task4.V2.Lib\Tyuiu.KomarovaMV.Sprint2.Task4.V2.Lib.csproj", "{4C2F44E7-19D3-42D8-99B6-D71E6A191404}"
EndProject
Project("{FAE04EC0-301F-11D3-BF4B-00C04F79EFBC}") = "Tyuiu.KomarovaMV.Sprint2.Task4.V2.Test", "Tyuiu.KomarovaMV.Sprint2.Task4.V2.Test\Tyuiu.KomarovaMV.Sprint2.Task4.V2.Test.csproj", "{15F15CA8-0238-4DB3-9833-8AE5E350090E}"
EndProject
Project("{2150E333-8FDC-42A3-9474-1A3956D46DE8}") = "Task5", "Task5", "{F5516A20-CDAB-4F34-B420-374F02348A52}"
EndProject
Project("{FAE04EC0-301F-11D3-BF4B-00C04F79EFBC}") = "Tyuiu.KomarovaMV.Sprint2.Task5.V10", "Tyuiu.KomarovaMV.Sprint2.Task5.V10\Tyuiu.KomarovaMV.Sprint2.Task5.V10.csproj", "{E8B9C3F0-815E-44D3-8C36-600BCE126BBF}"
EndProject
Project("{FAE04EC0-301F-11D3-BF4B-00C04F79EFBC}") = "Tyuiu.KomarovaMV.Sprint2.Task5.V10.Lib", "Tyuiu.KomarovaMV.Sprint2.Task5.V10.Lib\Tyuiu.KomarovaMV.Sprint2.Task5.V10.Lib.csproj", "{053F0551-A711-4D55-A516-8D1F4C1F5892}"
EndProject
Project("{FAE04EC0-301F-11D3-BF4B-00C04F79EFBC}") = "Tyuiu.KomarovaMV.Sprint2.Task5.V10.Test", "Tyuiu.KomarovaMV.Sprint2.Task5.V10.Test\Tyuiu.KomarovaMV.Sprint2.Task5.V10.Test.csproj", "{3611BE3A-91F2-46CE-A788-827B485BEE6A}"
EndProject
Global
	GlobalSection(SolutionConfigurationPlatforms) = preSolution
		Debug|Any CPU = Debug|Any CPU
		Release|Any CPU = Release|Any CPU
	EndGlobalSection
	GlobalSection(ProjectConfigurationPlatforms) = postSolution
		{82DEBCB4-AC24-4519-88A4-888DC33FE2D3}.Debug|Any CPU.ActiveCfg = Debug|Any CPU
		{82DEBCB4-AC24-4519-88A4-888DC33FE2D3}.Debug|Any CPU.Build.0 = Debug|Any CPU
		{82DEBCB4-AC24-4519-88A4-888DC33FE2D3}.Release|Any CPU.ActiveCfg = Release|Any CPU
		{82DEBCB4-AC24-4519-88A4-888DC33FE2D3}.Release|Any CPU.Build.0 = Release|Any CPU
		{F4708008-C023-4C4D-A3E1-99E79FBA6B21}.Debug|Any CPU.ActiveCfg = Debug|Any CPU
		{F4708008-C023-4C4D-A3E1-99E79FBA6B21}.Debug|Any CPU.Build.0 = Debug|Any CPU
		{F4708008-C023-4C4D-A3E1-99E79FBA6B21}.Release|Any CPU.ActiveCfg = Release|Any CPU
		{F4708008-C023-4C4D-A3E1-99E79FBA6B21}.Release|Any CPU.Build.0 = Release|Any CPU
		{99BBFD2A-680F-4810-9A14-263F929551EE}.Debug|Any CPU.ActiveCfg = Debug|Any CPU
		{99BBFD2A-680F-4810-9A14-263F929551EE}.Debug|Any CPU.Build.0 = Debug|Any CPU
		{99BBFD2A-680F-4810-9A14-263F929551EE}.Release|Any CPU.ActiveCfg = Release|Any CPU
		{99BBFD2A-680F-4810-9A14-263F929551EE}.Release|Any CPU.Build.0 = Release|Any CPU
		{781293C8-75DD-4542-8572-D2A898E07253}.Debug|Any CPU.ActiveCfg = Debug|Any CPU
		{781293C8-75DD-4542-8572-D2A898E07253}.Debug|Any CPU.Build.0 = Debug|Any CPU
		{781293C8-75DD-4542-8572-D2A898E07253}.Release|Any CPU.ActiveCfg = Release|Any CPU
		{781293C8-75DD-4542-8572-D2A898E07253}.Release|Any CPU.Build.0 = Release|Any CPU
		{4622C934-FC45-4F82-BB96-F05D19BCBAF0}.Debug|Any CPU.ActiveCfg = Debug|Any CPU
		{4622C934-FC45-4F82-BB96-F05D19BCBAF0}.Debug|Any CPU.Build.0 = Debug|Any CPU
		{4622C934-FC45-4F82-BB96-F05D19BCBAF0}.Release|Any CPU.ActiveCfg = Release|Any CPU
		{4622C934-FC45-4F82-BB96-F05D19BCBAF0}.Release|Any CPU.Build.0 = Release|Any CPU
		{ADDFEF4A-1AC3-4C78-98D1-3BADC4297E32}.Debug|Any CPU.ActiveCfg = Debug|Any CPU
		{ADDFEF4A-1AC3-4C78-98D1-3BADC4297E32}.Debug|Any CPU.Build.0 = Debug|Any CPU
		{ADDFEF4A-1AC3-4C78-98D1-3BADC4297E32}.Release|Any CPU.ActiveCfg = Release|Any CPU
		{ADDFEF4A-1AC3-4C78-98D1-3BADC4297E32}.Release|Any CPU.Build.0 = Release|Any CPU
		{093D165C-7247-4D72-8040-05F8F63007A9}.Debug|Any CPU.ActiveCfg = Debug|Any CPU
		{093D165C-7247-4D72-8040-05F8F63007A9}.Debug|Any CPU.Build.0 = Debug|Any CPU
		{093D165C-7247-4D72-8040-05F8F63007A9}.Release|Any CPU.ActiveCfg = Release|Any CPU
		{093D165C-7247-4D72-8040-05F8F63007A9}.Release|Any CPU.Build.0 = Release|Any CPU
		{065E9608-A5EE-4762-9BE9-C48C627C1C08}.Debug|Any CPU.ActiveCfg = Debug|Any CPU
		{065E9608-A5EE-4762-9BE9-C48C627C1C08}.Debug|Any CPU.Build.0 = Debug|Any CPU
		{065E9608-A5EE-4762-9BE9-C48C627C1C08}.Release|Any CPU.ActiveCfg = Release|Any CPU
		{065E9608-A5EE-4762-9BE9-C48C627C1C08}.Release|Any CPU.Build.0 = Release|Any CPU
		{5B5CD1DD-BFD8-46DF-A192-4DBED482F772}.Debug|Any CPU.ActiveCfg = Debug|Any CPU
		{5B5CD1DD-BFD8-46DF-A192-4DBED482F772}.Debug|Any CPU.Build.0 = Debug|Any CPU
		{5B5CD1DD-BFD8-46DF-A192-4DBED482F772}.Release|Any CPU.ActiveCfg = Release|Any CPU
		{5B5CD1DD-BFD8-46DF-A192-4DBED482F772}.Release|Any CPU.Build.0 = Release|Any CPU
		{9C5B743C-BE25-4C41-8730-36D203B71CFA}.Debug|Any CPU.ActiveCfg = Debug|Any CPU
		{9C5B743C-BE25-4C41-8730-36D203B71CFA}.Debug|Any CPU.Build.0 = Debug|Any CPU
		{9C5B743C-BE25-4C41-8730-36D203B71CFA}.Release|Any CPU.ActiveCfg = Release|Any CPU
		{9C5B743C-BE25-4C41-8730-36D203B71CFA}.Release|Any CPU.Build.0 = Release|Any CPU
		{21B5AEC4-7560-452F-B6E8-2D38BCA56724}.Debug|Any CPU.ActiveCfg = Debug|Any CPU
		{21B5AEC4-7560-452F-B6E8-2D38BCA56724}.Debug|Any CPU.Build.0 = Debug|Any CPU
		{21B5AEC4-7560-452F-B6E8-2D38BCA56724}.Release|Any CPU.ActiveCfg = Release|Any CPU
		{21B5AEC4-7560-452F-B6E8-2D38BCA56724}.Release|Any CPU.Build.0 = Release|Any CPU
		{958333C3-7821-4809-8634-7EFF7A930411}.Debug|Any CPU.ActiveCfg = Debug|Any CPU
		{958333C3-7821-4809-8634-7EFF7A930411}.Debug|Any CPU.Build.0 = Debug|Any CPU
		{958333C3-7821-4809-8634-7EFF7A930411}.Release|Any CPU.ActiveCfg = Release|Any CPU
		{958333C3-7821-4809-8634-7EFF7A930411}.Release|Any CPU.Build.0 = Release|Any CPU
		{FD1B33E9-DAD7-4763-AF98-9B0A706EFEC8}.Debug|Any CPU.ActiveCfg = Debug|Any CPU
		{FD1B33E9-DAD7-4763-AF98-9B0A706EFEC8}.Debug|Any CPU.Build.0 = Debug|Any CPU
		{FD1B33E9-DAD7-4763-AF98-9B0A706EFEC8}.Release|Any CPU.ActiveCfg = Release|Any CPU
		{FD1B33E9-DAD7-4763-AF98-9B0A706EFEC8}.Release|Any CPU.Build.0 = Release|Any CPU
		{4C2F44E7-19D3-42D8-99B6-D71E6A191404}.Debug|Any CPU.ActiveCfg = Debug|Any CPU
		{4C2F44E7-19D3-42D8-99B6-D71E6A191404}.Debug|Any CPU.Build.0 = Debug|Any CPU
		{4C2F44E7-19D3-42D8-99B6-D71E6A191404}.Release|Any CPU.ActiveCfg = Release|Any CPU
		{4C2F44E7-19D3-42D8-99B6-D71E6A191404}.Release|Any CPU.Build.0 = Release|Any CPU
		{15F15CA8-0238-4DB3-9833-8AE5E350090E}.Debug|Any CPU.ActiveCfg = Debug|Any CPU
		{15F15CA8-0238-4DB3-9833-8AE5E350090E}.Debug|Any CPU.Build.0 = Debug|Any CPU
		{15F15CA8-0238-4DB3-9833-8AE5E350090E}.Release|Any CPU.ActiveCfg = Release|Any CPU
		{15F15CA8-0238-4DB3-9833-8AE5E350090E}.Release|Any CPU.Build.0 = Release|Any CPU
		{E8B9C3F0-815E-44D3-8C36-600BCE126BBF}.Debug|Any CPU.ActiveCfg = Debug|Any CPU
		{E8B9C3F0-815E-44D3-8C36-600BCE126BBF}.Debug|Any CPU.Build.0 = Debug|Any CPU
		{E8B9C3F0-815E-44D3-8C36-600BCE126BBF}.Release|Any CPU.ActiveCfg = Release|Any CPU
		{E8B9C3F0-815E-44D3-8C36-600BCE126BBF}.Release|Any CPU.Build.0 = Release|Any CPU
		{053F0551-A711-4D55-A516-8D1F4C1F5892}.Debug|Any CPU.ActiveCfg = Debug|Any CPU
		{053F0551-A711-4D55-A516-8D1F4C1F5892}.Debug|Any CPU.Build.0 = Debug|Any CPU
		{053F0551-A711-4D55-A516-8D1F4C1F5892}.Release|Any CPU.ActiveCfg = Release|Any CPU
		{053F0551-A711-4D55-A516-8D1F4C1F5892}.Release|Any CPU.Build.0 = Release|Any CPU
		{3611BE3A-91F2-46CE-A788-827B485BEE6A}.Debug|Any CPU.ActiveCfg = Debug|Any CPU
		{3611BE3A-91F2-46CE-A788-827B485BEE6A}.Debug|Any CPU.Build.0 = Debug|Any CPU
		{3611BE3A-91F2-46CE-A788-827B485BEE6A}.Release|Any CPU.ActiveCfg = Release|Any CPU
		{3611BE3A-91F2-46CE-A788-827B485BEE6A}.Release|Any CPU.Build.0 = Release|Any CPU
	EndGlobalSection
	GlobalSection(SolutionProperties) = preSolution
		HideSolutionNode = FALSE
	EndGlobalSection
	GlobalSection(NestedProjects) = preSolution
		{82DEBCB4-AC24-4519-88A4-888DC33FE2D3} = {7A6A10DC-10C1-4139-8750-BBF2B1264C15}
		{F4708008-C023-4C4D-A3E1-99E79FBA6B21} = {7A6A10DC-10C1-4139-8750-BBF2B1264C15}
		{99BBFD2A-680F-4810-9A14-263F929551EE} = {7A6A10DC-10C1-4139-8750-BBF2B1264C15}
		{781293C8-75DD-4542-8572-D2A898E07253} = {26297225-1D81-4D3B-BAF4-EE02E003F967}
		{4622C934-FC45-4F82-BB96-F05D19BCBAF0} = {26297225-1D81-4D3B-BAF4-EE02E003F967}
		{ADDFEF4A-1AC3-4C78-98D1-3BADC4297E32} = {26297225-1D81-4D3B-BAF4-EE02E003F967}
		{093D165C-7247-4D72-8040-05F8F63007A9} = {5A2826E3-68F1-4571-A6B5-9A60CBE451C2}
		{065E9608-A5EE-4762-9BE9-C48C627C1C08} = {5A2826E3-68F1-4571-A6B5-9A60CBE451C2}
		{5B5CD1DD-BFD8-46DF-A192-4DBED482F772} = {5A2826E3-68F1-4571-A6B5-9A60CBE451C2}
		{9C5B743C-BE25-4C41-8730-36D203B71CFA} = {D886F44C-880F-4CDE-8FED-69B12868CCC5}
		{21B5AEC4-7560-452F-B6E8-2D38BCA56724} = {D886F44C-880F-4CDE-8FED-69B12868CCC5}
		{958333C3-7821-4809-8634-7EFF7A930411} = {D886F44C-880F-4CDE-8FED-69B12868CCC5}
		{FD1B33E9-DAD7-4763-AF98-9B0A706EFEC8} = {1D5C9A91-E460-499E-A706-C30529FF1F0E}
		{4C2F44E7-19D3-42D8-99B6-D71E6A191404} = {1D5C9A91-E460-499E-A706-C30529FF1F0E}
		{15F15CA8-0238-4DB3-9833-8AE5E350090E} = {1D5C9A91-E460-499E-A706-C30529FF1F0E}
		{E8B9C3F0-815E-44D3-8C36-600BCE126BBF} = {F5516A20-CDAB-4F34-B420-374F02348A52}
		{053F0551-A711-4D55-A516-8D1F4C1F5892} = {F5516A20-CDAB-4F34-B420-374F02348A52}
		{3611BE3A-91F2-46CE-A788-827B485BEE6A} = {F5516A20-CDAB-4F34-B420-374F02348A52}
	EndGlobalSection
	GlobalSection(ExtensibilityGlobals) = postSolution
		SolutionGuid = {71706070-4580-48C3-9E5F-2722D782298E}
	EndGlobalSection
EndGlobal
